PODS:
  - Bytedance-UnionAD (2.7.5.2)
  - GDTMobSDK (4.11.2):
    - GDTMobSDK/GDTMobSDK (= 4.11.2)
  - GDTMobSDK/GDTMobSDK (4.11.2)
  - SDWebImage (5.4.2):
    - SDWebImage/Core (= 5.4.2)
  - SDWebImage/Core (5.4.2)
  - YuMeiAd (0.0.2):
    - Bytedance-UnionAD
    - GDTMobSDK
    - SDWebImage

DEPENDENCIES:
  - YuMeiAd (from `../`)

SPEC REPOS:
  https://github.com/cocoapods/specs.git:
    - Bytedance-UnionAD
    - GDTMobSDK
    - SDWebImage

EXTERNAL SOURCES:
  YuMeiAd:
    :path: "../"

SPEC CHECKSUMS:
  Bytedance-UnionAD: e044ef9fd7dfa8b974ac6b0bd026788164a8be57
  GDTMobSDK: b6c1643528f26e4ba6a1d719ae1b346ad6e70222
  SDWebImage: 4ca2dc4eefae4224bea8f504251cda485a363745
  YuMeiAd: 4ebd2a22dd7a37d75b52afa9a298fd1d6387f265

PODFILE CHECKSUM: 6cb0e42f39fa297c4337a8ee7d229a0d11cdc7e2

COCOAPODS: 1.7.3
